
Microsoft Visual Studio Solution File, Format Version 12.00
# Visual Studio Version 16
VisualStudioVersion = 16.0.29709.97
MinimumVisualStudioVersion = 10.0.40219.1
Project("{FAE04EC0-301F-11D3-BF4B-00C04F79EFBC}") = "PatternFactory", "PatternFactory\PatternFactory.csproj", "{0179427F-A86B-4D50-A3C4-D0D02848D752}"
EndProject
Global
	GlobalSection(SolutionConfigurationPlatforms) = preSolution
		Debug|Any CPU = Debug|Any CPU
		Release|Any CPU = Release|Any CPU
	EndGlobalSection
	GlobalSection(ProjectConfigurationPlatforms) = postSolution
		{0179427F-A86B-4D50-A3C4-D0D02848D752}.Debug|Any CPU.ActiveCfg = Debug|Any CPU
		{0179427F-A86B-4D50-A3C4-D0D02848D752}.Debug|Any CPU.Build.0 = Debug|Any CPU
		{0179427F-A86B-4D50-A3C4-D0D02848D752}.Release|Any CPU.ActiveCfg = Release|Any CPU
		{0179427F-A86B-4D50-A3C4-D0D02848D752}.Release|Any CPU.Build.0 = Release|Any CPU
	EndGlobalSection
	GlobalSection(SolutionProperties) = preSolution
		HideSolutionNode = FALSE
	EndGlobalSection
	GlobalSection(ExtensibilityGlobals) = postSolution
		SolutionGuid = {C8A64F48-D1CB-4649-A76D-878BBD4913A5}
	EndGlobalSection
EndGlobal
